// !$*UTF8*$!
{
	archiveVersion = 1;
	classes = {
	};
	objectVersion = 46;
	objects = {

/* Begin PBXBuildFile section */
		06F02A5D1E11A47F00CCF1B8 /* AppDelegate.swift in Sources */ = {isa = PBXBuildFile; fileRef = 06F02A5C1E11A47F00CCF1B8 /* AppDelegate.swift */; };
		06F02A5F1E11A47F00CCF1B8 /* ViewController.swift in Sources */ = {isa = PBXBuildFile; fileRef = 06F02A5E1E11A47F00CCF1B8 /* ViewController.swift */; };
		06F02A621E11A47F00CCF1B8 /* Main.storyboard in Resources */ = {isa = PBXBuildFile; fileRef = 06F02A601E11A47F00CCF1B8 /* Main.storyboard */; };
		06F02A651E11A47F00CCF1B8 /* AnimalTrivia3.xcdatamodeld in Sources */ = {isa = PBXBuildFile; fileRef = 06F02A631E11A47F00CCF1B8 /* AnimalTrivia3.xcdatamodeld */; };
		06F02A671E11A47F00CCF1B8 /* Assets.xcassets in Resources */ = {isa = PBXBuildFile; fileRef = 06F02A661E11A47F00CCF1B8 /* Assets.xcassets */; };
		06F02A6A1E11A47F00CCF1B8 /* LaunchScreen.storyboard in Resources */ = {isa = PBXBuildFile; fileRef = 06F02A681E11A47F00CCF1B8 /* LaunchScreen.storyboard */; };
/* End PBXBuildFile section */

/* Begin PBXFileReference section */
		06F02A591E11A47F00CCF1B8 /* AnimalTrivia3.app */ = {isa = PBXFileReference; explicitFileType = wrapper.application; includeInIndex = 0; path = AnimalTrivia3.app; sourceTree = BUILT_PRODUCTS_DIR; };
		06F02A5C1E11A47F00CCF1B8 /* AppDelegate.swift */ = {isa = PBXFileReference; lastKnownFileType = sourcecode.swift; path = AppDelegate.swift; sourceTree = "<group>"; };
		06F02A5E1E11A47F00CCF1B8 /* ViewController.swift */ = {isa = PBXFileReference; lastKnownFileType = sourcecode.swift; path = ViewController.swift; sourceTree = "<group>"; };
		06F02A611E11A47F00CCF1B8 /* Base */ = {isa = PBXFileReference; lastKnownFileType = file.storyboard; name = Base; path = Base.lproj/Main.storyboard; sourceTree = "<group>"; };
		06F02A641E11A47F00CCF1B8 /* AnimalTrivia3.xcdatamodel */ = {isa = PBXFileReference; lastKnownFileType = wrapper.xcdatamodel; path = AnimalTrivia3.xcdatamodel; sourceTree = "<group>"; };
		06F02A661E11A47F00CCF1B8 /* Assets.xcassets */ = {isa = PBXFileReference; lastKnownFileType = folder.assetcatalog; path = Assets.xcassets; sourceTree = "<group>"; };
		06F02A691E11A47F00CCF1B8 /* Base */ = {isa = PBXFileReference; lastKnownFileType = file.storyboard; name = Base; path = Base.lproj/LaunchScreen.storyboard; sourceTree = "<group>"; };
		06F02A6B1E11A47F00CCF1B8 /* Info.plist */ = {isa = PBXFileReference; lastKnownFileType = text.plist.xml; path = Info.plist; sourceTree = "<group>"; };
/* End PBXFileReference section */

/* Begin PBXFrameworksBuildPhase section */
		06F02A561E11A47F00CCF1B8 /* Frameworks */ = {
			isa = PBXFrameworksBuildPhase;
			buildActionMask = 2147483647;
			files = (
			);
			runOnlyForDeploymentPostprocessing = 0;
		};
/* End PBXFrameworksBuildPhase section */

/* Begin PBXGroup section */
		06F02A501E11A47F00CCF1B8 = {
			isa = PBXGroup;
			children = (
				06F02A5B1E11A47F00CCF1B8 /* AnimalTrivia3 */,
				06F02A5A1E11A47F00CCF1B8 /* Products */,
			);
			sourceTree = "<group>";
		};
		06F02A5A1E11A47F00CCF1B8 /* Products */ = {
			isa = PBXGroup;
			children = (
				06F02A591E11A47F00CCF1B8 /* AnimalTrivia3.app */,
			);
			name = Products;
			sourceTree = "<group>";
		};
		06F02A5B1E11A47F00CCF1B8 /* AnimalTrivia3 */ = {
			isa = PBXGroup;
			children = (
				06F02A5C1E11A47F00CCF1B8 /* AppDelegate.swift */,
				06F02A5E1E11A47F00CCF1B8 /* ViewController.swift */,
				06F02A601E11A47F00CCF1B8 /* Main.storyboard */,
				06F02A661E11A47F00CCF1B8 /* Assets.xcassets */,
				06F02A681E11A47F00CCF1B8 /* LaunchScreen.storyboard */,
				06F02A6B1E11A47F00CCF1B8 /* Info.plist */,
				06F02A631E11A47F00CCF1B8 /* AnimalTrivia3.xcdatamodeld */,
			);
			path = AnimalTrivia3;
			sourceTree = "<group>";
		};
/* End PBXGroup section */

/* Begin PBXNativeTarget section */
		06F02A581E11A47F00CCF1B8 /* AnimalTrivia3 */ = {
			isa = PBXNativeTarget;
			buildConfigurationList = 06F02A6E1E11A47F00CCF1B8 /* Build configuration list for PBXNativeTarget "AnimalTrivia3" */;
			buildPhases = (
				06F02A551E11A47F00CCF1B8 /* Sources */,
				06F02A561E11A47F00CCF1B8 /* Frameworks */,
				06F02A571E11A47F00CCF1B8 /* Resources */,
			);
			buildRules = (
			);
			dependencies = (
			);
			name = AnimalTrivia3;
			productName = AnimalTrivia3;
			productReference = 06F02A591E11A47F00CCF1B8 /* AnimalTrivia3.app */;
			productType = "com.apple.product-type.application";
		};
/* End PBXNativeTarget section */

/* Begin PBXProject section */
		06F02A511E11A47F00CCF1B8 /* Project object */ = {
			isa = PBXProject;
			attributes = {
				LastSwiftUpdateCheck = 0730;
				LastUpgradeCheck = 0730;
				ORGANIZATIONNAME = "Mostafa Taha";
				TargetAttributes = {
					06F02A581E11A47F00CCF1B8 = {
						CreatedOnToolsVersion = 7.3.1;
						DevelopmentTeam = 6F3M8GBC5L;
					};
				};
			};
			buildConfigurationList = 06F02A541E11A47F00CCF1B8 /* Build configuration list for PBXProject "AnimalTrivia3" */;
			compatibilityVersion = "Xcode 3.2";
			developmentRegion = English;
			hasScannedForEncodings = 0;
			knownRegions = (
				en,
				Base,
			);
			mainGroup = 06F02A501E11A47F00CCF1B8;
			productRefGroup = 06F02A5A1E11A47F00CCF1B8 /* Products */;
			projectDirPath = "";
			projectRoot = "";
			targets = (
				06F02A581E11A47F00CCF1B8 /* AnimalTrivia3 */,
			);
		};
/* End PBXProject section */

/* Begin PBXResourcesBuildPhase section */
		06F02A571E11A47F00CCF1B8 /* Resources */ = {
			isa = PBXResourcesBuildPhase;
			buildActionMask = 2147483647;
			files = (
				06F02A6A1E11A47F00CCF1B8 /* LaunchScreen.storyboard in Resources */,
				06F02A671E11A47F00CCF1B8 /* Assets.xcassets in Resources */,
				06F02A621E11A47F00CCF1B8 /* Main.storyboard in Resources */,
			);
			runOnlyForDeploymentPostprocessing = 0;
		};
/* End PBXResourcesBuildPhase section */

/* Begin PBXSourcesBuildPhase section */
		06F02A551E11A47F00CCF1B8 /* Sources */ = {
			isa = PBXSourcesBuildPhase;
			buildActionMask = 2147483647;
			files = (
				06F02A5F1E11A47F00CCF1B8 /* ViewController.swift in Sources */,
				06F02A651E11A47F00CCF1B8 /* AnimalTrivia3.xcdatamodeld in Sources */,
				06F02A5D1E11A47F00CCF1B8 /* AppDelegate.swift in Sources */,
			);
			runOnlyForDeploymentPostprocessing = 0;
		};
/* End PBXSourcesBuildPhase section */

/* Begin PBXVariantGroup section */
		06F02A601E11A47F00CCF1B8 /* Main.storyboard */ = {
			isa = PBXVariantGroup;
			children = (
				06F02A611E11A47F00CCF1B8 /* Base */,
			);
			name = Main.storyboard;
			sourceTree = "<group>";
		};
		06F02A681E11A47F00CCF1B8 /* LaunchScreen.storyboard */ = {
			isa = PBXVariantGroup;
			children = (
				06F02A691E11A47F00CCF1B8 /* Base */,
			);
			name = LaunchScreen.storyboard;
			sourceTree = "<group>";
		};
/* End PBXVariantGroup section */

/* Begin XCBuildConfiguration section */
		06F02A6C1E11A47F00CCF1B8 /* Debug */ = {
			isa = XCBuildConfiguration;
			buildSettings = {
				ALWAYS_SEARCH_USER_PATHS = NO;
				CLANG_ANALYZER_NONNULL = YES;
				CLANG_CXX_LANGUAGE_STANDARD = "gnu++0x";
				CLANG_CXX_LIBRARY = "libc++";
				CLANG_ENABLE_MODULES = YES;
				CLANG_ENABLE_OBJC_ARC = YES;
				CLANG_WARN_BOOL_CONVERSION = YES;
				CLANG_WARN_CONSTANT_CONVERSION = YES;
				CLANG_WARN_DIRECT_OBJC_ISA_USAGE = YES_ERROR;
				CLANG_WARN_EMPTY_BODY = YES;
				CLANG_WARN_ENUM_CONVERSION = YES;
				CLANG_WARN_INT_CONVERSION = YES;
				CLANG_WARN_OBJC_ROOT_CLASS = YES_ERROR;
				CLANG_WARN_UNREACHABLE_CODE = YES;
				CLANG_WARN__DUPLICATE_METHOD_MATCH = YES;
				"CODE_SIGN_IDENTITY[sdk=iphoneos*]" = "iPhone Developer";
				COPY_PHASE_STRIP = NO;
				DEBUG_INFORMATION_FORMAT = dwarf;
				ENABLE_STRICT_OBJC_MSGSEND = YES;
				ENABLE_TESTABILITY = YES;
				GCC_C_LANGUAGE_STANDARD = gnu99;
				GCC_DYNAMIC_NO_PIC = NO;
				GCC_NO_COMMON_BLOCKS = YES;
				GCC_OPTIMIZATION_LEVEL = 0;
				GCC_PREPROCESSOR_DEFINITIONS = (
					"DEBUG=1",
					"$(inherited)",
				);
				GCC_WARN_64_TO_32_BIT_CONVERSION = YES;
				GCC_WARN_ABOUT_RETURN_TYPE = YES_ERROR;
				GCC_WARN_UNDECLARED_SELECTOR = YES;
				GCC_WARN_UNINITIALIZED_AUTOS = YES_AGGRESSIVE;
				GCC_WARN_UNUSED_FUNCTION = YES;
				GCC_WARN_UNUSED_VARIABLE = YES;
				IPHONEOS_DEPLOYMENT_TARGET = 9.3;
				MTL_ENABLE_DEBUG_INFO = YES;
				ONLY_ACTIVE_ARCH = YES;
				SDKROOT = iphoneos;
				SWIFT_OPTIMIZATION_LEVEL = "-Onone";
				TARGETED_DEVICE_FAMILY = "1,2";
			};
			name = Debug;
		};
		06F02A6D1E11A47F00CCF1B8 /* Release */ = {
			isa = XCBuildConfiguration;
			buildSettings = {
				ALWAYS_SEARCH_USER_PATHS = NO;
				CLANG_ANALYZER_NONNULL = YES;
				CLANG_CXX_LANGUAGE_STANDARD = "gnu++0x";
				CLANG_CXX_LIBRARY = "libc++";
				CLANG_ENABLE_MODULES = YES;
				CLANG_ENABLE_OBJC_ARC = YES;
				CLANG_WARN_BOOL_CONVERSION = YES;
				CLANG_WARN_CONSTANT_CONVERSION = YES;
				CLANG_WARN_DIRECT_OBJC_ISA_USAGE = YES_ERROR;
				CLANG_WARN_EMPTY_BODY = YES;
				CLANG_WARN_ENUM_CONVERSION = YES;
				CLANG_WARN_INT_CONVERSION = YES;
				CLANG_WARN_OBJC_ROOT_CLASS = YES_ERROR;
				CLANG_WARN_UNREACHABLE_CODE = YES;
				CLANG_WARN__DUPLICATE_METHOD_MATCH = YES;
				"CODE_SIGN_IDENTITY[sdk=iphoneos*]" = "iPhone Developer";
				COPY_PHASE_STRIP = NO;
				DEBUG_INFORMATION_FORMAT = "dwarf-with-dsym";
				ENABLE_NS_ASSERTIONS = NO;
				ENABLE_STRICT_OBJC_MSGSEND = YES;
				GCC_C_LANGUAGE_STANDARD = gnu99;
				GCC_NO_COMMON_BLOCKS = YES;
				GCC_WARN_64_TO_32_BIT_CONVERSION = YES;
				GCC_WARN_ABOUT_RETURN_TYPE = YES_ERROR;
				GCC_WARN_UNDECLARED_SELECTOR = YES;
				GCC_WARN_UNINITIALIZED_AUTOS = YES_AGGRESSIVE;
				GCC_WARN_UNUSED_FUNCTION = YES;
				GCC_WARN_UNUSED_VARIABLE = YES;
				IPHONEOS_DEPLOYMENT_TARGET = 9.3;
				MTL_ENABLE_DEBUG_INFO = NO;
				SDKROOT = iphoneos;
				TARGETED_DEVICE_FAMILY = "1,2";
				VALIDATE_PRODUCT = YES;
			};
			name = Release;
		};
		06F02A6F1E11A47F00CCF1B8 /* Debug */ = {
			isa = XCBuildConfiguration;
			buildSettings = {
				ASSETCATALOG_COMPILER_APPICON_NAME = AppIcon;
				INFOPLIST_FILE = AnimalTrivia3/Info.plist;
				LD_RUNPATH_SEARCH_PATHS = "$(inherited) @executable_path/Frameworks";
				PRODUCT_BUNDLE_IDENTIFIER = project.mostafa.AnimalTrivia3;
				PRODUCT_NAME = "$(TARGET_NAME)";
			};
			name = Debug;
		};
		06F02A701E11A47F00CCF1B8 /* Release */ = {
			isa = XCBuildConfiguration;
			buildSettings = {
				ASSETCATALOG_COMPILER_APPICON_NAME = AppIcon;
				INFOPLIST_FILE = AnimalTrivia3/Info.plist;
				LD_RUNPATH_SEARCH_PATHS = "$(inherited) @executable_path/Frameworks";
				PRODUCT_BUNDLE_IDENTIFIER = project.mostafa.AnimalTrivia3;
				PRODUCT_NAME = "$(TARGET_NAME)";
			};
			name = Release;
		};
/* End XCBuildConfiguration section */

/* Begin XCConfigurationList section */
		06F02A541E11A47F00CCF1B8 /* Build configuration list for PBXProject "AnimalTrivia3" */ = {
			isa = XCConfigurationList;
			buildConfigurations = (
				06F02A6C1E11A47F00CCF1B8 /* Debug */,
				06F02A6D1E11A47F00CCF1B8 /* Release */,
			);
			defaultConfigurationIsVisible = 0;
			defaultConfigurationName = Release;
		};
		06F02A6E1E11A47F00CCF1B8 /* Build configuration list for PBXNativeTarget "AnimalTrivia3" */ = {
			isa = XCConfigurationList;
			buildConfigurations = (
				06F02A6F1E11A47F00CCF1B8 /* Debug */,
				06F02A701E11A47F00CCF1B8 /* Release */,
			);
			defaultConfigurationIsVisible = 0;
		};
/* End XCConfigurationList section */

/* Begin XCVersionGroup section */
		06F02A631E11A47F00CCF1B8 /* AnimalTrivia3.xcdatamodeld */ = {
			isa = XCVersionGroup;
			children = (
				06F02A641E11A47F00CCF1B8 /* AnimalTrivia3.xcdatamodel */,
			);
			currentVersion = 06F02A641E11A47F00CCF1B8 /* AnimalTrivia3.xcdatamodel */;
			path = AnimalTrivia3.xcdatamodeld;
			sourceTree = "<group>";
			versionGroupType = wrapper.xcdatamodel;
		};
/* End XCVersionGroup section */
	};
	rootObject = 06F02A511E11A47F00CCF1B8 /* Project object */;
}
